# This file is automatically @generated by Poetry 2.1.3 and should not be changed by hand.

[[package]]
name = "mslex"
version = "1.3.0"
description = "shlex for windows"
optional = false
python-versions = ">=3.5"
groups = ["main"]
files = [
    {file = "mslex-1.3.0-py3-none-any.whl", hash = "sha256:c7074b347201b3466fc077c5692fbce9b5f62a63a51f537a53fbbd02eff2eea4"},
    {file = "mslex-1.3.0.tar.gz", hash = "sha256:641c887d1d3db610eee2af37a8e5abda3f70b3006cdfd2d0d29dc0d1ae28a85d"},
]

[[package]]
name = "oslex"
version = "0.1.3"
description = "OS-independent wrapper for shlex and mslex"
optional = false
python-versions = ">=3.6"
groups = ["main"]
files = [
    {file = "oslex-0.1.3-py3-none-any.whl", hash = "sha256:71acb8a1d42ed78ddd213a1d3a628bbf837f758bd2999c91df7ce57972466bdf"},
    {file = "oslex-0.1.3.tar.gz", hash = "sha256:1ed4cd82c75df2a8bcb0da34400984183753933155d0c7d999fa533137685f2d"},
]

[package.dependencies]
mslex = "*"

[[package]]
name = "ufbt"
version = "0.2.6"
description = "uFBT - micro Flipper Build Tool. Tool for building and developing applications (.fap) for Flipper Zero and its device family."
optional = false
python-versions = ">=3.8"
groups = ["main"]
files = [
    {file = "ufbt-0.2.6-py3-none-any.whl", hash = "sha256:ee3b5788b4034694aea594fd44777eab4049968d94c5f39ad93df8b05d8c8849"},
    {file = "ufbt-0.2.6.tar.gz", hash = "sha256:4f1a858858598ed2e25bbab69e2ea604bc00758c3b1e8ecf897a29866157363b"},
]

[package.dependencies]
oslex = ">=0.1.3"

[metadata]
lock-version = "2.1"
python-versions = "^3.12"
content-hash = "ab0d1f5ffcbedff1d5655f37992189b7f1046561329658a31266d339f2c2649d"
